{
  "name": "code-msc25",
  "version": "1.0.0",
  "lockfileVersion": 3,
  "requires": true,
  "packages": {
    "": {
      "name": "code-msc25",
      "version": "1.0.0",
      "license": "ISC",
      "dependencies": {
        "stunk": "^2.3.1"
      }
    },
    "node_modules/stunk": {
      "version": "2.3.1",
      "resolved": "https://registry.npmjs.org/stunk/-/stunk-2.3.1.tgz",
      "integrity": "sha512-mxGi/5GCGpcDHo6mriTUOs1PcABoqyGG8bbYNbP1mS6YAK864b61coQ4LIgnL87Mz0vySB6NPHOdEfW1UO2eWw==",
      "license": "MIT",
      "peerDependencies": {
        "react": "^17.0.0 || ^18.0.0 || ^19.0.0",
        "vue": "^3.5.13"
      },
      "peerDependenciesMeta": {
        "react": {
          "optional": true
        },
        "vue": {
          "optional": true
        }
      }
    }
  }
}
